
Microsoft Visual Studio Solution File, Format Version 12.00
# Visual Studio Version 17
VisualStudioVersion = 17.8.34316.72
MinimumVisualStudioVersion = 10.0.40219.1
Project("{2150E333-8FDC-42A3-9474-1A3956D46DE8}") = "Exercicio1", "Exercicio1", "{2CCBDEB5-45B4-4659-BCDF-724DB19F1CE5}"
EndProject
Project("{FAE04EC0-301F-11D3-BF4B-00C04F79EFBC}") = "ExercicioMusic", "Music\ExercicioMusic.csproj", "{956DF805-8BFB-4713-B79B-858BFC14DF45}"
EndProject
Global
	GlobalSection(SolutionConfigurationPlatforms) = preSolution
		Debug|Any CPU = Debug|Any CPU
		Release|Any CPU = Release|Any CPU
	EndGlobalSection
	GlobalSection(ProjectConfigurationPlatforms) = postSolution
		{956DF805-8BFB-4713-B79B-858BFC14DF45}.Debug|Any CPU.ActiveCfg = Debug|Any CPU
		{956DF805-8BFB-4713-B79B-858BFC14DF45}.Debug|Any CPU.Build.0 = Debug|Any CPU
		{956DF805-8BFB-4713-B79B-858BFC14DF45}.Release|Any CPU.ActiveCfg = Release|Any CPU
		{956DF805-8BFB-4713-B79B-858BFC14DF45}.Release|Any CPU.Build.0 = Release|Any CPU
	EndGlobalSection
	GlobalSection(SolutionProperties) = preSolution
		HideSolutionNode = FALSE
	EndGlobalSection
	GlobalSection(NestedProjects) = preSolution
		{956DF805-8BFB-4713-B79B-858BFC14DF45} = {2CCBDEB5-45B4-4659-BCDF-724DB19F1CE5}
	EndGlobalSection
	GlobalSection(ExtensibilityGlobals) = postSolution
		SolutionGuid = {0401B1D8-24F6-478F-9D4A-F08E1C3BB830}
	EndGlobalSection
EndGlobal
